
Microsoft Visual Studio Solution File, Format Version 12.00
# Visual Studio Version 16
VisualStudioVersion = 16.0.29409.12
MinimumVisualStudioVersion = 10.0.40219.1
Project("{9A19103F-16F7-4668-BE54-9A1E7A4F7556}") = "LRSIntro", "LRSIntro\LRSIntro.csproj", "{6599FCB3-2B6D-430E-B35A-348A4674190A}"
EndProject
Project("{FAE04EC0-301F-11D3-BF4B-00C04F79EFBC}") = "LRSIntro.UnitTests", "LRSIntro.UnitTests\LRSIntro.UnitTests.csproj", "{289470F6-3E9F-453B-A9A7-2A62174F1992}"
	ProjectSection(ProjectDependencies) = postProject
		{6599FCB3-2B6D-430E-B35A-348A4674190A} = {6599FCB3-2B6D-430E-B35A-348A4674190A}
	EndProjectSection
EndProject
Global
	GlobalSection(SolutionConfigurationPlatforms) = preSolution
		Debug|Any CPU = Debug|Any CPU
		Release|Any CPU = Release|Any CPU
	EndGlobalSection
	GlobalSection(ProjectConfigurationPlatforms) = postSolution
		{6599FCB3-2B6D-430E-B35A-348A4674190A}.Debug|Any CPU.ActiveCfg = Debug|Any CPU
		{6599FCB3-2B6D-430E-B35A-348A4674190A}.Debug|Any CPU.Build.0 = Debug|Any CPU
		{6599FCB3-2B6D-430E-B35A-348A4674190A}.Release|Any CPU.ActiveCfg = Release|Any CPU
		{6599FCB3-2B6D-430E-B35A-348A4674190A}.Release|Any CPU.Build.0 = Release|Any CPU
		{289470F6-3E9F-453B-A9A7-2A62174F1992}.Debug|Any CPU.ActiveCfg = Debug|Any CPU
		{289470F6-3E9F-453B-A9A7-2A62174F1992}.Debug|Any CPU.Build.0 = Debug|Any CPU
		{289470F6-3E9F-453B-A9A7-2A62174F1992}.Release|Any CPU.ActiveCfg = Release|Any CPU
		{289470F6-3E9F-453B-A9A7-2A62174F1992}.Release|Any CPU.Build.0 = Release|Any CPU
	EndGlobalSection
	GlobalSection(SolutionProperties) = preSolution
		HideSolutionNode = FALSE
	EndGlobalSection
	GlobalSection(ExtensibilityGlobals) = postSolution
		SolutionGuid = {C7ECEDCE-529C-4D50-A48A-A2ADE996E0F7}
	EndGlobalSection
EndGlobal
